<?xml version="1.0" encoding="utf-8"?>
<Project ToolsVersion="4.0" xmlns="http://schemas.microsoft.com/developer/msbuild/2003">
  <ItemGroup>
    <ClCompile Include="main.cpp" />
    <ClCompile Include="routing_table\routing_table.cc">
      <Filter>routing_table</Filter>
    </ClCompile>
    <ClCompile Include="network\udp_client.cc">
      <Filter>network</Filter>
    </ClCompile>
    <ClCompile Include="network\udp_server.cc">
      <Filter>network</Filter>
    </ClCompile>
    <ClCompile Include="network\p2p_network.cc">
      <Filter>network</Filter>
    </ClCompile>
    <ClCompile Include="config\inifile.cpp">
      <Filter>config</Filter>
    </ClCompile>
    <ClCompile Include="message_handler\message_handler.cc">
      <Filter>message_handler</Filter>
    </ClCompile>
    <ClCompile Include="base\ByteBuffer.cpp">
      <Filter>base</Filter>
    </ClCompile>
    <ClCompile Include="cmd\Console.cpp">
      <Filter>cmd</Filter>
    </ClCompile>
    <ClCompile Include="cmd\cmd_parser.cc">
      <Filter>cmd</Filter>
    </ClCompile>
  </ItemGroup>
  <ItemGroup>
    <Filter Include="routing_table">
      <UniqueIdentifier>{31410b23-3486-43fa-83d5-5b3dfd1eea0b}</UniqueIdentifier>
    </Filter>
    <Filter Include="base">
      <UniqueIdentifier>{f211d13f-3b48-406b-9fc2-fbb8e7a82933}</UniqueIdentifier>
    </Filter>
    <Filter Include="network">
      <UniqueIdentifier>{b8699d01-693b-46bb-8683-2c689d5c0ffe}</UniqueIdentifier>
    </Filter>
    <Filter Include="config">
      <UniqueIdentifier>{daf6bd50-f76b-437b-b02b-ed05ff73a650}</UniqueIdentifier>
    </Filter>
    <Filter Include="message_handler">
      <UniqueIdentifier>{663658a6-9500-4480-bdcf-11f130f45bdc}</UniqueIdentifier>
    </Filter>
    <Filter Include="cmd">
      <UniqueIdentifier>{a27bf242-e94b-4a7b-a8e3-ffaa52ff5e6c}</UniqueIdentifier>
    </Filter>
  </ItemGroup>
  <ItemGroup>
    <ClInclude Include="routing_table\routing_table.h">
      <Filter>routing_table</Filter>
    </ClInclude>
    <ClInclude Include="routing_table\node_info.h">
      <Filter>routing_table</Filter>
    </ClInclude>
    <ClInclude Include="routing_table\routing_table_algorithm.h">
      <Filter>routing_table</Filter>
    </ClInclude>
    <ClInclude Include="network\udp_client.h">
      <Filter>network</Filter>
    </ClInclude>
    <ClInclude Include="network\udp_server.h">
      <Filter>network</Filter>
    </ClInclude>
    <ClInclude Include="base\global_defines.h">
      <Filter>base</Filter>
    </ClInclude>
    <ClInclude Include="network\p2p_network.h">
      <Filter>network</Filter>
    </ClInclude>
    <ClInclude Include="config\inifile.h">
      <Filter>config</Filter>
    </ClInclude>
    <ClInclude Include="message_handler\message_handler.h">
      <Filter>message_handler</Filter>
    </ClInclude>
    <ClInclude Include="base\ByteBuffer.h">
      <Filter>base</Filter>
    </ClInclude>
    <ClInclude Include="base\spin_mutex.h">
      <Filter>base</Filter>
    </ClInclude>
    <ClInclude Include="base\thread_pool.h">
      <Filter>base</Filter>
    </ClInclude>
    <ClInclude Include="cmd\Console.hpp">
      <Filter>cmd</Filter>
    </ClInclude>
    <ClInclude Include="cmd\cmd_parser.h">
      <Filter>cmd</Filter>
    </ClInclude>
  </ItemGroup>
  <ItemGroup>
    <None Include="config\config.ini">
      <Filter>config</Filter>
    </None>
  </ItemGroup>
</Project>